// !$*UTF8*$!
{
	archiveVersion = 1;
	classes = {
	};
	objectVersion = 60;
	objects = {

/* Begin PBXBuildFile section */
		A00000000000000000000011 /* BaxterApp/BaxterApp.swift in Sources */ = {isa = PBXBuildFile; fileRef = A00000000000000000000001 /* BaxterApp/BaxterApp.swift */; };
		A00000000000000000000014 /* BaxterApp/SettingsModel.swift in Sources */ = {isa = PBXBuildFile; fileRef = A00000000000000000000002 /* BaxterApp/SettingsModel.swift */; };
		A00000000000000000000015 /* BaxterApp/BaxterSettingsView.swift in Sources */ = {isa = PBXBuildFile; fileRef = A00000000000000000000003 /* BaxterApp/BaxterSettingsView.swift */; };
		A00000000000000000000016 /* BaxterApp/BackupStatusModel.swift in Sources */ = {isa = PBXBuildFile; fileRef = A00000000000000000000004 /* BaxterApp/BackupStatusModel.swift */; };
		A00000000000000000000017 /* BaxterApp/LaunchdController.swift in Sources */ = {isa = PBXBuildFile; fileRef = A00000000000000000000005 /* BaxterApp/LaunchdController.swift */; };
		A00000000000000000000018 /* BaxterApp/SettingsTypes.swift in Sources */ = {isa = PBXBuildFile; fileRef = A00000000000000000000006 /* BaxterApp/SettingsTypes.swift */; };
		A00000000000000000000019 /* BaxterApp/SettingsToml.swift in Sources */ = {isa = PBXBuildFile; fileRef = A00000000000000000000007 /* BaxterApp/SettingsToml.swift */; };
		A0000000000000000000001A /* BaxterApp/NotificationSettings.swift in Sources */ = {isa = PBXBuildFile; fileRef = A00000000000000000000008 /* BaxterApp/NotificationSettings.swift */; };
		A0000000000000000000001B /* BaxterApp/BaxterMenuContentView.swift in Sources */ = {isa = PBXBuildFile; fileRef = A00000000000000000000009 /* BaxterApp/BaxterMenuContentView.swift */; };
		A0000000000000000000001C /* BaxterApp/BaxterWorkspaceView.swift in Sources */ = {isa = PBXBuildFile; fileRef = A0000000000000000000000A /* BaxterApp/BaxterWorkspaceView.swift */; };
		A0000000000000000000001D /* BaxterApp/MenuLinkButtonStyle.swift in Sources */ = {isa = PBXBuildFile; fileRef = A0000000000000000000000B /* BaxterApp/MenuLinkButtonStyle.swift */; };
		A00000000000000000000061 /* BaxterAppTests/SettingsModelTests.swift in Sources */ = {isa = PBXBuildFile; fileRef = A00000000000000000000071 /* BaxterAppTests/SettingsModelTests.swift */; };
/* End PBXBuildFile section */

/* Begin PBXContainerItemProxy section */
		A00000000000000000000080 /* PBXContainerItemProxy */ = {
			isa = PBXContainerItemProxy;
			containerPortal = A00000000000000000000040 /* Project object */;
			proxyType = 1;
			remoteGlobalIDString = A00000000000000000000020;
			remoteInfo = BaxterApp;
		};
/* End PBXContainerItemProxy section */

/* Begin PBXFileReference section */
		A00000000000000000000001 /* BaxterApp/BaxterApp.swift */ = {isa = PBXFileReference; lastKnownFileType = sourcecode.swift; path = BaxterApp/BaxterApp.swift; sourceTree = "<group>"; };
		A00000000000000000000002 /* BaxterApp/SettingsModel.swift */ = {isa = PBXFileReference; lastKnownFileType = sourcecode.swift; path = BaxterApp/SettingsModel.swift; sourceTree = "<group>"; };
		A00000000000000000000003 /* BaxterApp/BaxterSettingsView.swift */ = {isa = PBXFileReference; lastKnownFileType = sourcecode.swift; path = BaxterApp/BaxterSettingsView.swift; sourceTree = "<group>"; };
		A00000000000000000000004 /* BaxterApp/BackupStatusModel.swift */ = {isa = PBXFileReference; lastKnownFileType = sourcecode.swift; path = BaxterApp/BackupStatusModel.swift; sourceTree = "<group>"; };
		A00000000000000000000005 /* BaxterApp/LaunchdController.swift */ = {isa = PBXFileReference; lastKnownFileType = sourcecode.swift; path = BaxterApp/LaunchdController.swift; sourceTree = "<group>"; };
		A00000000000000000000006 /* BaxterApp/SettingsTypes.swift */ = {isa = PBXFileReference; lastKnownFileType = sourcecode.swift; path = BaxterApp/SettingsTypes.swift; sourceTree = "<group>"; };
		A00000000000000000000007 /* BaxterApp/SettingsToml.swift */ = {isa = PBXFileReference; lastKnownFileType = sourcecode.swift; path = BaxterApp/SettingsToml.swift; sourceTree = "<group>"; };
		A00000000000000000000008 /* BaxterApp/NotificationSettings.swift */ = {isa = PBXFileReference; lastKnownFileType = sourcecode.swift; path = BaxterApp/NotificationSettings.swift; sourceTree = "<group>"; };
		A00000000000000000000009 /* BaxterApp/BaxterMenuContentView.swift */ = {isa = PBXFileReference; lastKnownFileType = sourcecode.swift; path = BaxterApp/BaxterMenuContentView.swift; sourceTree = "<group>"; };
		A0000000000000000000000A /* BaxterApp/BaxterWorkspaceView.swift */ = {isa = PBXFileReference; lastKnownFileType = sourcecode.swift; path = BaxterApp/BaxterWorkspaceView.swift; sourceTree = "<group>"; };
		A0000000000000000000000B /* BaxterApp/MenuLinkButtonStyle.swift */ = {isa = PBXFileReference; lastKnownFileType = sourcecode.swift; path = BaxterApp/MenuLinkButtonStyle.swift; sourceTree = "<group>"; };
		A00000000000000000000021 /* BaxterApp.app */ = {isa = PBXFileReference; explicitFileType = wrapper.application; includeInIndex = 0; path = BaxterApp.app; sourceTree = BUILT_PRODUCTS_DIR; };
		A00000000000000000000071 /* BaxterAppTests/SettingsModelTests.swift */ = {isa = PBXFileReference; lastKnownFileType = sourcecode.swift; path = BaxterAppTests/SettingsModelTests.swift; sourceTree = "<group>"; };
		A00000000000000000000072 /* BaxterAppTests.xctest */ = {isa = PBXFileReference; explicitFileType = wrapper.cfbundle; includeInIndex = 0; path = BaxterAppTests.xctest; sourceTree = BUILT_PRODUCTS_DIR; };
/* End PBXFileReference section */

/* Begin PBXFrameworksBuildPhase section */
		A00000000000000000000012 /* Frameworks */ = {
			isa = PBXFrameworksBuildPhase;
			buildActionMask = 2147483647;
			files = (
			);
			runOnlyForDeploymentPostprocessing = 0;
		};
		A00000000000000000000062 /* Frameworks */ = {
			isa = PBXFrameworksBuildPhase;
			buildActionMask = 2147483647;
			files = (
			);
			runOnlyForDeploymentPostprocessing = 0;
		};
/* End PBXFrameworksBuildPhase section */

/* Begin PBXGroup section */
		A00000000000000000000030 = {
			isa = PBXGroup;
			children = (
				A00000000000000000000031 /* . */,
				A00000000000000000000033 /* . */,
				A00000000000000000000032 /* Products */,
			);
			sourceTree = "<group>";
		};
		A00000000000000000000031 /* . */ = {
			isa = PBXGroup;
			children = (
				A00000000000000000000001 /* BaxterApp/BaxterApp.swift */,
				A00000000000000000000002 /* BaxterApp/SettingsModel.swift */,
				A00000000000000000000003 /* BaxterApp/BaxterSettingsView.swift */,
				A00000000000000000000004 /* BaxterApp/BackupStatusModel.swift */,
				A00000000000000000000005 /* BaxterApp/LaunchdController.swift */,
				A00000000000000000000006 /* BaxterApp/SettingsTypes.swift */,
				A00000000000000000000007 /* BaxterApp/SettingsToml.swift */,
				A00000000000000000000008 /* BaxterApp/NotificationSettings.swift */,
				A00000000000000000000009 /* BaxterApp/BaxterMenuContentView.swift */,
				A0000000000000000000000A /* BaxterApp/BaxterWorkspaceView.swift */,
				A0000000000000000000000B /* BaxterApp/MenuLinkButtonStyle.swift */,
			);
			path = .;
			sourceTree = SOURCE_ROOT;
		};
		A00000000000000000000032 /* Products */ = {
			isa = PBXGroup;
			children = (
				A00000000000000000000021 /* BaxterApp.app */,
				A00000000000000000000072 /* BaxterAppTests.xctest */,
			);
			name = Products;
			sourceTree = "<group>";
		};
		A00000000000000000000033 /* . */ = {
			isa = PBXGroup;
			children = (
				A00000000000000000000071 /* BaxterAppTests/SettingsModelTests.swift */,
			);
			path = .;
			sourceTree = SOURCE_ROOT;
		};
/* End PBXGroup section */

/* Begin PBXNativeTarget section */
		A00000000000000000000020 /* BaxterApp */ = {
			isa = PBXNativeTarget;
			buildConfigurationList = A00000000000000000000042 /* Build configuration list for PBXNativeTarget "BaxterApp" */;
			buildPhases = (
				A00000000000000000000010 /* Sources */,
				A00000000000000000000012 /* Frameworks */,
			);
			buildRules = (
			);
			dependencies = (
			);
			name = BaxterApp;
			productName = BaxterApp;
			productReference = A00000000000000000000021 /* BaxterApp.app */;
			productType = "com.apple.product-type.application";
		};
		A00000000000000000000070 /* BaxterAppTests */ = {
			isa = PBXNativeTarget;
			buildConfigurationList = A00000000000000000000043 /* Build configuration list for PBXNativeTarget "BaxterAppTests" */;
			buildPhases = (
				A00000000000000000000060 /* Sources */,
				A00000000000000000000062 /* Frameworks */,
			);
			buildRules = (
			);
			dependencies = (
				A00000000000000000000081 /* PBXTargetDependency */,
			);
			name = BaxterAppTests;
			productName = BaxterAppTests;
			productReference = A00000000000000000000072 /* BaxterAppTests.xctest */;
			productType = "com.apple.product-type.bundle.unit-test";
		};
/* End PBXNativeTarget section */

/* Begin PBXProject section */
		A00000000000000000000040 /* Project object */ = {
			isa = PBXProject;
			attributes = {
				BuildIndependentTargetsInParallel = 1;
				LastSwiftUpdateCheck = 1600;
				LastUpgradeCheck = 2620;
				TargetAttributes = {
					A00000000000000000000020 = {
						CreatedOnToolsVersion = 16.0;
					};
					A00000000000000000000070 = {
						CreatedOnToolsVersion = 16.0;
						TestTargetID = A00000000000000000000020;
					};
				};
			};
			buildConfigurationList = A00000000000000000000041 /* Build configuration list for PBXProject "BaxterApp" */;
			compatibilityVersion = "Xcode 15.0";
			developmentRegion = en;
			hasScannedForEncodings = 0;
			knownRegions = (
				en,
				Base,
			);
			mainGroup = A00000000000000000000030;
			productRefGroup = A00000000000000000000032 /* Products */;
			projectDirPath = "";
			projectRoot = "";
			targets = (
				A00000000000000000000020 /* BaxterApp */,
				A00000000000000000000070 /* BaxterAppTests */,
			);
		};
/* End PBXProject section */

/* Begin PBXSourcesBuildPhase section */
		A00000000000000000000010 /* Sources */ = {
			isa = PBXSourcesBuildPhase;
			buildActionMask = 2147483647;
			files = (
				A00000000000000000000011 /* BaxterApp/BaxterApp.swift in Sources */,
				A00000000000000000000014 /* BaxterApp/SettingsModel.swift in Sources */,
				A00000000000000000000015 /* BaxterApp/BaxterSettingsView.swift in Sources */,
				A00000000000000000000016 /* BaxterApp/BackupStatusModel.swift in Sources */,
				A00000000000000000000017 /* BaxterApp/LaunchdController.swift in Sources */,
				A00000000000000000000018 /* BaxterApp/SettingsTypes.swift in Sources */,
				A00000000000000000000019 /* BaxterApp/SettingsToml.swift in Sources */,
				A0000000000000000000001A /* BaxterApp/NotificationSettings.swift in Sources */,
				A0000000000000000000001B /* BaxterApp/BaxterMenuContentView.swift in Sources */,
				A0000000000000000000001C /* BaxterApp/BaxterWorkspaceView.swift in Sources */,
				A0000000000000000000001D /* BaxterApp/MenuLinkButtonStyle.swift in Sources */,
			);
			runOnlyForDeploymentPostprocessing = 0;
		};
		A00000000000000000000060 /* Sources */ = {
			isa = PBXSourcesBuildPhase;
			buildActionMask = 2147483647;
			files = (
				A00000000000000000000061 /* BaxterAppTests/SettingsModelTests.swift in Sources */,
			);
			runOnlyForDeploymentPostprocessing = 0;
		};
/* End PBXSourcesBuildPhase section */

/* Begin PBXTargetDependency section */
		A00000000000000000000081 /* PBXTargetDependency */ = {
			isa = PBXTargetDependency;
			target = A00000000000000000000020 /* BaxterApp */;
			targetProxy = A00000000000000000000080 /* PBXContainerItemProxy */;
		};
/* End PBXTargetDependency section */

/* Begin XCBuildConfiguration section */
		A00000000000000000000050 /* Debug */ = {
			isa = XCBuildConfiguration;
			buildSettings = {
				ALWAYS_SEARCH_USER_PATHS = NO;
				CLANG_ENABLE_MODULES = YES;
				CLANG_ENABLE_OBJC_ARC = YES;
				CLANG_WARN_BLOCK_CAPTURE_AUTORELEASING = YES;
				CLANG_WARN_BOOL_CONVERSION = YES;
				CLANG_WARN_COMMA = YES;
				CLANG_WARN_CONSTANT_CONVERSION = YES;
				CLANG_WARN_DEPRECATED_OBJC_IMPLEMENTATIONS = YES;
				CLANG_WARN_EMPTY_BODY = YES;
				CLANG_WARN_ENUM_CONVERSION = YES;
				CLANG_WARN_INFINITE_RECURSION = YES;
				CLANG_WARN_INT_CONVERSION = YES;
				CLANG_WARN_NON_LITERAL_NULL_CONVERSION = YES;
				CLANG_WARN_OBJC_IMPLICIT_RETAIN_SELF = YES;
				CLANG_WARN_OBJC_LITERAL_CONVERSION = YES;
				CLANG_WARN_QUOTED_INCLUDE_IN_FRAMEWORK_HEADER = YES;
				CLANG_WARN_RANGE_LOOP_ANALYSIS = YES;
				CLANG_WARN_STRICT_PROTOTYPES = YES;
				CLANG_WARN_SUSPICIOUS_MOVE = YES;
				CLANG_WARN_UNREACHABLE_CODE = YES;
				CLANG_WARN__DUPLICATE_METHOD_MATCH = YES;
				COPY_PHASE_STRIP = NO;
				DEAD_CODE_STRIPPING = YES;
				DEBUG_INFORMATION_FORMAT = dwarf;
				ENABLE_STRICT_OBJC_MSGSEND = YES;
				ENABLE_TESTABILITY = YES;
				ENABLE_USER_SCRIPT_SANDBOXING = YES;
				GCC_NO_COMMON_BLOCKS = YES;
				GCC_OPTIMIZATION_LEVEL = 0;
				GCC_WARN_64_TO_32_BIT_CONVERSION = YES;
				GCC_WARN_ABOUT_RETURN_TYPE = YES;
				GCC_WARN_UNDECLARED_SELECTOR = YES;
				GCC_WARN_UNINITIALIZED_AUTOS = YES;
				GCC_WARN_UNUSED_FUNCTION = YES;
				GCC_WARN_UNUSED_VARIABLE = YES;
				MACOSX_DEPLOYMENT_TARGET = 26.2;
				ONLY_ACTIVE_ARCH = YES;
				SDKROOT = macosx;
				STRING_CATALOG_GENERATE_SYMBOLS = YES;
				SWIFT_ACTIVE_COMPILATION_CONDITIONS = DEBUG;
				SWIFT_OPTIMIZATION_LEVEL = "-Onone";
			};
			name = Debug;
		};
		A00000000000000000000051 /* Release */ = {
			isa = XCBuildConfiguration;
			buildSettings = {
				ALWAYS_SEARCH_USER_PATHS = NO;
				CLANG_ENABLE_MODULES = YES;
				CLANG_ENABLE_OBJC_ARC = YES;
				CLANG_WARN_BLOCK_CAPTURE_AUTORELEASING = YES;
				CLANG_WARN_BOOL_CONVERSION = YES;
				CLANG_WARN_COMMA = YES;
				CLANG_WARN_CONSTANT_CONVERSION = YES;
				CLANG_WARN_DEPRECATED_OBJC_IMPLEMENTATIONS = YES;
				CLANG_WARN_EMPTY_BODY = YES;
				CLANG_WARN_ENUM_CONVERSION = YES;
				CLANG_WARN_INFINITE_RECURSION = YES;
				CLANG_WARN_INT_CONVERSION = YES;
				CLANG_WARN_NON_LITERAL_NULL_CONVERSION = YES;
				CLANG_WARN_OBJC_IMPLICIT_RETAIN_SELF = YES;
				CLANG_WARN_OBJC_LITERAL_CONVERSION = YES;
				CLANG_WARN_QUOTED_INCLUDE_IN_FRAMEWORK_HEADER = YES;
				CLANG_WARN_RANGE_LOOP_ANALYSIS = YES;
				CLANG_WARN_STRICT_PROTOTYPES = YES;
				CLANG_WARN_SUSPICIOUS_MOVE = YES;
				CLANG_WARN_UNREACHABLE_CODE = YES;
				CLANG_WARN__DUPLICATE_METHOD_MATCH = YES;
				COPY_PHASE_STRIP = NO;
				DEAD_CODE_STRIPPING = YES;
				DEBUG_INFORMATION_FORMAT = "dwarf-with-dsym";
				ENABLE_STRICT_OBJC_MSGSEND = YES;
				ENABLE_USER_SCRIPT_SANDBOXING = YES;
				GCC_NO_COMMON_BLOCKS = YES;
				GCC_OPTIMIZATION_LEVEL = s;
				GCC_WARN_64_TO_32_BIT_CONVERSION = YES;
				GCC_WARN_ABOUT_RETURN_TYPE = YES;
				GCC_WARN_UNDECLARED_SELECTOR = YES;
				GCC_WARN_UNINITIALIZED_AUTOS = YES;
				GCC_WARN_UNUSED_FUNCTION = YES;
				GCC_WARN_UNUSED_VARIABLE = YES;
				MACOSX_DEPLOYMENT_TARGET = 26.2;
				SDKROOT = macosx;
				STRING_CATALOG_GENERATE_SYMBOLS = YES;
				SWIFT_COMPILATION_MODE = wholemodule;
			};
			name = Release;
		};
		A00000000000000000000052 /* Debug */ = {
			isa = XCBuildConfiguration;
			buildSettings = {
				ASSETCATALOG_COMPILER_APPICON_NAME = "";
				CODE_SIGNING_ALLOWED = NO;
				CODE_SIGNING_REQUIRED = NO;
				CODE_SIGN_IDENTITY = "-";
				COMBINE_HIDPI_IMAGES = YES;
				CURRENT_PROJECT_VERSION = 1;
				DEAD_CODE_STRIPPING = YES;
				DEVELOPMENT_TEAM = "";
				ENABLE_HARDENED_RUNTIME = NO;
				GENERATE_INFOPLIST_FILE = YES;
				INFOPLIST_KEY_CFBundleDisplayName = Baxter;
				INFOPLIST_KEY_LSApplicationCategoryType = "public.app-category.utilities";
				INFOPLIST_KEY_LSUIElement = YES;
				LD_RUNPATH_SEARCH_PATHS = (
					"$(inherited)",
					"@executable_path/../Frameworks",
				);
				MACOSX_DEPLOYMENT_TARGET = 26.2;
				MARKETING_VERSION = 0.1.0;
				PRODUCT_BUNDLE_IDENTIFIER = com.electriccoding.BaxterApp;
				PRODUCT_NAME = "$(TARGET_NAME)";
				SDKROOT = macosx;
				SWIFT_VERSION = 5.0;
			};
			name = Debug;
		};
		A00000000000000000000053 /* Release */ = {
			isa = XCBuildConfiguration;
			buildSettings = {
				ASSETCATALOG_COMPILER_APPICON_NAME = "";
				CODE_SIGNING_ALLOWED = NO;
				CODE_SIGNING_REQUIRED = NO;
				CODE_SIGN_IDENTITY = "-";
				COMBINE_HIDPI_IMAGES = YES;
				CURRENT_PROJECT_VERSION = 1;
				DEAD_CODE_STRIPPING = YES;
				DEVELOPMENT_TEAM = "";
				ENABLE_HARDENED_RUNTIME = NO;
				GENERATE_INFOPLIST_FILE = YES;
				INFOPLIST_KEY_CFBundleDisplayName = Baxter;
				INFOPLIST_KEY_LSApplicationCategoryType = "public.app-category.utilities";
				INFOPLIST_KEY_LSUIElement = YES;
				LD_RUNPATH_SEARCH_PATHS = (
					"$(inherited)",
					"@executable_path/../Frameworks",
				);
				MACOSX_DEPLOYMENT_TARGET = 26.2;
				MARKETING_VERSION = 0.1.0;
				PRODUCT_BUNDLE_IDENTIFIER = com.electriccoding.BaxterApp;
				PRODUCT_NAME = "$(TARGET_NAME)";
				SDKROOT = macosx;
				SWIFT_VERSION = 5.0;
			};
			name = Release;
		};
		A00000000000000000000054 /* Debug */ = {
			isa = XCBuildConfiguration;
			buildSettings = {
				BUNDLE_LOADER = "$(TEST_HOST)";
				CODE_SIGNING_ALLOWED = NO;
				CODE_SIGNING_REQUIRED = NO;
				CODE_SIGN_IDENTITY = "-";
				DEAD_CODE_STRIPPING = YES;
				GENERATE_INFOPLIST_FILE = YES;
				MACOSX_DEPLOYMENT_TARGET = 26.2;
				PRODUCT_BUNDLE_IDENTIFIER = com.electriccoding.BaxterAppTests;
				PRODUCT_NAME = "$(TARGET_NAME)";
				SDKROOT = macosx;
				SWIFT_VERSION = 5.0;
				TEST_HOST = "$(BUILT_PRODUCTS_DIR)/BaxterApp.app/Contents/MacOS/BaxterApp";
			};
			name = Debug;
		};
		A00000000000000000000055 /* Release */ = {
			isa = XCBuildConfiguration;
			buildSettings = {
				BUNDLE_LOADER = "$(TEST_HOST)";
				CODE_SIGNING_ALLOWED = NO;
				CODE_SIGNING_REQUIRED = NO;
				CODE_SIGN_IDENTITY = "-";
				DEAD_CODE_STRIPPING = YES;
				GENERATE_INFOPLIST_FILE = YES;
				MACOSX_DEPLOYMENT_TARGET = 26.2;
				PRODUCT_BUNDLE_IDENTIFIER = com.electriccoding.BaxterAppTests;
				PRODUCT_NAME = "$(TARGET_NAME)";
				SDKROOT = macosx;
				SWIFT_VERSION = 5.0;
				TEST_HOST = "$(BUILT_PRODUCTS_DIR)/BaxterApp.app/Contents/MacOS/BaxterApp";
			};
			name = Release;
		};
/* End XCBuildConfiguration section */

/* Begin XCConfigurationList section */
		A00000000000000000000041 /* Build configuration list for PBXProject "BaxterApp" */ = {
			isa = XCConfigurationList;
			buildConfigurations = (
				A00000000000000000000050 /* Debug */,
				A00000000000000000000051 /* Release */,
			);
			defaultConfigurationIsVisible = 0;
			defaultConfigurationName = Release;
		};
		A00000000000000000000042 /* Build configuration list for PBXNativeTarget "BaxterApp" */ = {
			isa = XCConfigurationList;
			buildConfigurations = (
				A00000000000000000000052 /* Debug */,
				A00000000000000000000053 /* Release */,
			);
			defaultConfigurationIsVisible = 0;
			defaultConfigurationName = Release;
		};
		A00000000000000000000043 /* Build configuration list for PBXNativeTarget "BaxterAppTests" */ = {
			isa = XCConfigurationList;
			buildConfigurations = (
				A00000000000000000000054 /* Debug */,
				A00000000000000000000055 /* Release */,
			);
			defaultConfigurationIsVisible = 0;
			defaultConfigurationName = Release;
		};
/* End XCConfigurationList section */
	};
	rootObject = A00000000000000000000040 /* Project object */;
}
